
Microsoft Visual Studio Solution File, Format Version 12.00
# Visual Studio Version 17
VisualStudioVersion = 17.7.34018.315
MinimumVisualStudioVersion = 10.0.40219.1
Project("{FAE04EC0-301F-11D3-BF4B-00C04F79EFBC}") = "DL", "DL\DL.csproj", "{7B15BFEF-43BD-4F8A-ACB3-17DF505918A0}"
EndProject
Project("{FAE04EC0-301F-11D3-BF4B-00C04F79EFBC}") = "ML", "ML\ML.csproj", "{B8B63A71-4462-4F5F-9B15-83B4983ECE47}"
EndProject
Project("{FAE04EC0-301F-11D3-BF4B-00C04F79EFBC}") = "BL", "BL\BL.csproj", "{12E76603-8A48-43F1-A92F-F4ED19F037BB}"
EndProject
Project("{FAE04EC0-301F-11D3-BF4B-00C04F79EFBC}") = "PL", "PL\PL.csproj", "{F1B56996-421D-43F8-B8B1-9C354FC3AB3A}"
EndProject
Project("{FAE04EC0-301F-11D3-BF4B-00C04F79EFBC}") = "PuntoUno", "PuntoUno\PuntoUno.csproj", "{B24FE3E9-A05F-4327-B9A0-94789F7FDFD5}"
EndProject
Global
	GlobalSection(SolutionConfigurationPlatforms) = preSolution
		Debug|Any CPU = Debug|Any CPU
		Release|Any CPU = Release|Any CPU
	EndGlobalSection
	GlobalSection(ProjectConfigurationPlatforms) = postSolution
		{7B15BFEF-43BD-4F8A-ACB3-17DF505918A0}.Debug|Any CPU.ActiveCfg = Debug|Any CPU
		{7B15BFEF-43BD-4F8A-ACB3-17DF505918A0}.Debug|Any CPU.Build.0 = Debug|Any CPU
		{7B15BFEF-43BD-4F8A-ACB3-17DF505918A0}.Release|Any CPU.ActiveCfg = Release|Any CPU
		{7B15BFEF-43BD-4F8A-ACB3-17DF505918A0}.Release|Any CPU.Build.0 = Release|Any CPU
		{B8B63A71-4462-4F5F-9B15-83B4983ECE47}.Debug|Any CPU.ActiveCfg = Debug|Any CPU
		{B8B63A71-4462-4F5F-9B15-83B4983ECE47}.Debug|Any CPU.Build.0 = Debug|Any CPU
		{B8B63A71-4462-4F5F-9B15-83B4983ECE47}.Release|Any CPU.ActiveCfg = Release|Any CPU
		{B8B63A71-4462-4F5F-9B15-83B4983ECE47}.Release|Any CPU.Build.0 = Release|Any CPU
		{12E76603-8A48-43F1-A92F-F4ED19F037BB}.Debug|Any CPU.ActiveCfg = Debug|Any CPU
		{12E76603-8A48-43F1-A92F-F4ED19F037BB}.Debug|Any CPU.Build.0 = Debug|Any CPU
		{12E76603-8A48-43F1-A92F-F4ED19F037BB}.Release|Any CPU.ActiveCfg = Release|Any CPU
		{12E76603-8A48-43F1-A92F-F4ED19F037BB}.Release|Any CPU.Build.0 = Release|Any CPU
		{F1B56996-421D-43F8-B8B1-9C354FC3AB3A}.Debug|Any CPU.ActiveCfg = Debug|Any CPU
		{F1B56996-421D-43F8-B8B1-9C354FC3AB3A}.Debug|Any CPU.Build.0 = Debug|Any CPU
		{F1B56996-421D-43F8-B8B1-9C354FC3AB3A}.Release|Any CPU.ActiveCfg = Release|Any CPU
		{F1B56996-421D-43F8-B8B1-9C354FC3AB3A}.Release|Any CPU.Build.0 = Release|Any CPU
		{B24FE3E9-A05F-4327-B9A0-94789F7FDFD5}.Debug|Any CPU.ActiveCfg = Debug|Any CPU
		{B24FE3E9-A05F-4327-B9A0-94789F7FDFD5}.Debug|Any CPU.Build.0 = Debug|Any CPU
		{B24FE3E9-A05F-4327-B9A0-94789F7FDFD5}.Release|Any CPU.ActiveCfg = Release|Any CPU
		{B24FE3E9-A05F-4327-B9A0-94789F7FDFD5}.Release|Any CPU.Build.0 = Release|Any CPU
	EndGlobalSection
	GlobalSection(SolutionProperties) = preSolution
		HideSolutionNode = FALSE
	EndGlobalSection
	GlobalSection(ExtensibilityGlobals) = postSolution
		SolutionGuid = {3C12214B-72CB-4C1D-8D6B-B97B4D9EE117}
	EndGlobalSection
EndGlobal
